// !$*UTF8*$!
{
	archiveVersion = 1;
	classes = {
	};
	objectVersion = 52;
	objects = {

/* Begin PBXBuildFile section */
		DE1D51852796F41A008B5690 /* ContentCollectionViewRankCell.swift in Sources */ = {isa = PBXBuildFile; fileRef = DE1D51842796F41A008B5690 /* ContentCollectionViewRankCell.swift */; };
		DE1D51872796F72E008B5690 /* ContentCollectionViewMainCell.swift in Sources */ = {isa = PBXBuildFile; fileRef = DE1D51862796F72E008B5690 /* ContentCollectionViewMainCell.swift */; };
		DE1D51892796FC71008B5690 /* UIButton.swift in Sources */ = {isa = PBXBuildFile; fileRef = DE1D51882796FC71008B5690 /* UIButton.swift */; };
		DE5A70952798DCA9007BAAA8 /* ContentView.swift in Sources */ = {isa = PBXBuildFile; fileRef = DE5A70942798DCA9007BAAA8 /* ContentView.swift */; };
		DE5A70972798DEB5007BAAA8 /* ContentDetailView.swift in Sources */ = {isa = PBXBuildFile; fileRef = DE5A70962798DEB5007BAAA8 /* ContentDetailView.swift */; };
		DEF20A962795A149006D1F5E /* AppDelegate.swift in Sources */ = {isa = PBXBuildFile; fileRef = DEF20A952795A149006D1F5E /* AppDelegate.swift */; };
		DEF20A982795A149006D1F5E /* SceneDelegate.swift in Sources */ = {isa = PBXBuildFile; fileRef = DEF20A972795A149006D1F5E /* SceneDelegate.swift */; };
		DEF20A9F2795A14A006D1F5E /* Assets.xcassets in Resources */ = {isa = PBXBuildFile; fileRef = DEF20A9E2795A14A006D1F5E /* Assets.xcassets */; };
		DEF20AA22795A14A006D1F5E /* LaunchScreen.storyboard in Resources */ = {isa = PBXBuildFile; fileRef = DEF20AA02795A14A006D1F5E /* LaunchScreen.storyboard */; };
		DEF20AAA2795A192006D1F5E /* HomeViewController.swift in Sources */ = {isa = PBXBuildFile; fileRef = DEF20AA92795A192006D1F5E /* HomeViewController.swift */; };
		DEF20AAD2795A2A8006D1F5E /* SnapKit in Frameworks */ = {isa = PBXBuildFile; productRef = DEF20AAC2795A2A8006D1F5E /* SnapKit */; };
		DEF20AAF2795A406006D1F5E /* Content.plist in Resources */ = {isa = PBXBuildFile; fileRef = DEF20AAE2795A406006D1F5E /* Content.plist */; };
		DEF20AB12795A439006D1F5E /* Content.swift in Sources */ = {isa = PBXBuildFile; fileRef = DEF20AB02795A439006D1F5E /* Content.swift */; };
		DEF20AB32795A759006D1F5E /* ContentCollectionViewCell.swift in Sources */ = {isa = PBXBuildFile; fileRef = DEF20AB22795A759006D1F5E /* ContentCollectionViewCell.swift */; };
		DEF20AB52795A8D9006D1F5E /* ContentCollectionViewHeader.swift in Sources */ = {isa = PBXBuildFile; fileRef = DEF20AB42795A8D9006D1F5E /* ContentCollectionViewHeader.swift */; };
/* End PBXBuildFile section */

/* Begin PBXFileReference section */
		DE1D51842796F41A008B5690 /* ContentCollectionViewRankCell.swift */ = {isa = PBXFileReference; lastKnownFileType = sourcecode.swift; path = ContentCollectionViewRankCell.swift; sourceTree = "<group>"; };
		DE1D51862796F72E008B5690 /* ContentCollectionViewMainCell.swift */ = {isa = PBXFileReference; lastKnownFileType = sourcecode.swift; path = ContentCollectionViewMainCell.swift; sourceTree = "<group>"; };
		DE1D51882796FC71008B5690 /* UIButton.swift */ = {isa = PBXFileReference; lastKnownFileType = sourcecode.swift; path = UIButton.swift; sourceTree = "<group>"; };
		DE5A70942798DCA9007BAAA8 /* ContentView.swift */ = {isa = PBXFileReference; lastKnownFileType = sourcecode.swift; path = ContentView.swift; sourceTree = "<group>"; };
		DE5A70962798DEB5007BAAA8 /* ContentDetailView.swift */ = {isa = PBXFileReference; lastKnownFileType = sourcecode.swift; path = ContentDetailView.swift; sourceTree = "<group>"; };
		DEF20A922795A149006D1F5E /* NetfilixStyleApp.app */ = {isa = PBXFileReference; explicitFileType = wrapper.application; includeInIndex = 0; path = NetfilixStyleApp.app; sourceTree = BUILT_PRODUCTS_DIR; };
		DEF20A952795A149006D1F5E /* AppDelegate.swift */ = {isa = PBXFileReference; lastKnownFileType = sourcecode.swift; path = AppDelegate.swift; sourceTree = "<group>"; };
		DEF20A972795A149006D1F5E /* SceneDelegate.swift */ = {isa = PBXFileReference; lastKnownFileType = sourcecode.swift; path = SceneDelegate.swift; sourceTree = "<group>"; };
		DEF20A9E2795A14A006D1F5E /* Assets.xcassets */ = {isa = PBXFileReference; lastKnownFileType = folder.assetcatalog; path = Assets.xcassets; sourceTree = "<group>"; };
		DEF20AA12795A14A006D1F5E /* Base */ = {isa = PBXFileReference; lastKnownFileType = file.storyboard; name = Base; path = Base.lproj/LaunchScreen.storyboard; sourceTree = "<group>"; };
		DEF20AA32795A14A006D1F5E /* Info.plist */ = {isa = PBXFileReference; lastKnownFileType = text.plist.xml; path = Info.plist; sourceTree = "<group>"; };
		DEF20AA92795A192006D1F5E /* HomeViewController.swift */ = {isa = PBXFileReference; lastKnownFileType = sourcecode.swift; path = HomeViewController.swift; sourceTree = "<group>"; };
		DEF20AAE2795A406006D1F5E /* Content.plist */ = {isa = PBXFileReference; fileEncoding = 4; lastKnownFileType = text.plist.xml; path = Content.plist; sourceTree = "<group>"; };
		DEF20AB02795A439006D1F5E /* Content.swift */ = {isa = PBXFileReference; lastKnownFileType = sourcecode.swift; path = Content.swift; sourceTree = "<group>"; };
		DEF20AB22795A759006D1F5E /* ContentCollectionViewCell.swift */ = {isa = PBXFileReference; lastKnownFileType = sourcecode.swift; path = ContentCollectionViewCell.swift; sourceTree = "<group>"; };
		DEF20AB42795A8D9006D1F5E /* ContentCollectionViewHeader.swift */ = {isa = PBXFileReference; lastKnownFileType = sourcecode.swift; path = ContentCollectionViewHeader.swift; sourceTree = "<group>"; };
/* End PBXFileReference section */

/* Begin PBXFrameworksBuildPhase section */
		DEF20A8F2795A149006D1F5E /* Frameworks */ = {
			isa = PBXFrameworksBuildPhase;
			buildActionMask = 2147483647;
			files = (
				DEF20AAD2795A2A8006D1F5E /* SnapKit in Frameworks */,
			);
			runOnlyForDeploymentPostprocessing = 0;
		};
/* End PBXFrameworksBuildPhase section */

/* Begin PBXGroup section */
		DE5A70982798DEF0007BAAA8 /* NetflixStyleApp */ = {
			isa = PBXGroup;
			children = (
				DE5A709C2798DF4C007BAAA8 /* Model */,
				DE5A709B2798DF45007BAAA8 /* View */,
				DE5A709A2798DF3E007BAAA8 /* ViewController */,
			);
			path = NetflixStyleApp;
			sourceTree = "<group>";
		};
		DE5A70992798DF30007BAAA8 /* Resource */ = {
			isa = PBXGroup;
			children = (
				DEF20A952795A149006D1F5E /* AppDelegate.swift */,
				DEF20A972795A149006D1F5E /* SceneDelegate.swift */,
				DEF20A9E2795A14A006D1F5E /* Assets.xcassets */,
				DEF20AA02795A14A006D1F5E /* LaunchScreen.storyboard */,
			);
			path = Resource;
			sourceTree = "<group>";
		};
		DE5A709A2798DF3E007BAAA8 /* ViewController */ = {
			isa = PBXGroup;
			children = (
				DEF20AA92795A192006D1F5E /* HomeViewController.swift */,
			);
			path = ViewController;
			sourceTree = "<group>";
		};
		DE5A709B2798DF45007BAAA8 /* View */ = {
			isa = PBXGroup;
			children = (
				DE1D51862796F72E008B5690 /* ContentCollectionViewMainCell.swift */,
				DE1D51842796F41A008B5690 /* ContentCollectionViewRankCell.swift */,
				DEF20AB42795A8D9006D1F5E /* ContentCollectionViewHeader.swift */,
				DEF20AB22795A759006D1F5E /* ContentCollectionViewCell.swift */,
			);
			path = View;
			sourceTree = "<group>";
		};
		DE5A709C2798DF4C007BAAA8 /* Model */ = {
			isa = PBXGroup;
			children = (
				DEF20AAE2795A406006D1F5E /* Content.plist */,
				DEF20AB02795A439006D1F5E /* Content.swift */,
			);
			path = Model;
			sourceTree = "<group>";
		};
		DE5A709D2798DF87007BAAA8 /* Extention */ = {
			isa = PBXGroup;
			children = (
				DE1D51882796FC71008B5690 /* UIButton.swift */,
			);
			path = Extention;
			sourceTree = "<group>";
		};
		DEF20A892795A149006D1F5E = {
			isa = PBXGroup;
			children = (
				DEF20A942795A149006D1F5E /* NetfilixStyleApp */,
				DEF20A932795A149006D1F5E /* Products */,
			);
			sourceTree = "<group>";
		};
		DEF20A932795A149006D1F5E /* Products */ = {
			isa = PBXGroup;
			children = (
				DEF20A922795A149006D1F5E /* NetfilixStyleApp.app */,
			);
			name = Products;
			sourceTree = "<group>";
		};
		DEF20A942795A149006D1F5E /* NetfilixStyleApp */ = {
			isa = PBXGroup;
			children = (
				DE5A709D2798DF87007BAAA8 /* Extention */,
				DE5A70992798DF30007BAAA8 /* Resource */,
				DE5A70982798DEF0007BAAA8 /* NetflixStyleApp */,
				DEF20AA32795A14A006D1F5E /* Info.plist */,
				DE5A70942798DCA9007BAAA8 /* ContentView.swift */,
				DE5A70962798DEB5007BAAA8 /* ContentDetailView.swift */,
			);
			path = NetfilixStyleApp;
			sourceTree = "<group>";
		};
/* End PBXGroup section */

/* Begin PBXNativeTarget section */
		DEF20A912795A149006D1F5E /* NetfilixStyleApp */ = {
			isa = PBXNativeTarget;
			buildConfigurationList = DEF20AA62795A14A006D1F5E /* Build configuration list for PBXNativeTarget "NetfilixStyleApp" */;
			buildPhases = (
				DEF20A8E2795A149006D1F5E /* Sources */,
				DEF20A8F2795A149006D1F5E /* Frameworks */,
				DEF20A902795A149006D1F5E /* Resources */,
			);
			buildRules = (
			);
			dependencies = (
			);
			name = NetfilixStyleApp;
			packageProductDependencies = (
				DEF20AAC2795A2A8006D1F5E /* SnapKit */,
			);
			productName = NetfilixStyleApp;
			productReference = DEF20A922795A149006D1F5E /* NetfilixStyleApp.app */;
			productType = "com.apple.product-type.application";
		};
/* End PBXNativeTarget section */

/* Begin PBXProject section */
		DEF20A8A2795A149006D1F5E /* Project object */ = {
			isa = PBXProject;
			attributes = {
				LastSwiftUpdateCheck = 1250;
				LastUpgradeCheck = 1250;
				TargetAttributes = {
					DEF20A912795A149006D1F5E = {
						CreatedOnToolsVersion = 12.5.1;
					};
				};
			};
			buildConfigurationList = DEF20A8D2795A149006D1F5E /* Build configuration list for PBXProject "NetfilixStyleApp" */;
			compatibilityVersion = "Xcode 9.3";
			developmentRegion = en;
			hasScannedForEncodings = 0;
			knownRegions = (
				en,
				Base,
			);
			mainGroup = DEF20A892795A149006D1F5E;
			packageReferences = (
				DEF20AAB2795A2A8006D1F5E /* XCRemoteSwiftPackageReference "SnapKit" */,
			);
			productRefGroup = DEF20A932795A149006D1F5E /* Products */;
			projectDirPath = "";
			projectRoot = "";
			targets = (
				DEF20A912795A149006D1F5E /* NetfilixStyleApp */,
			);
		};
/* End PBXProject section */

/* Begin PBXResourcesBuildPhase section */
		DEF20A902795A149006D1F5E /* Resources */ = {
			isa = PBXResourcesBuildPhase;
			buildActionMask = 2147483647;
			files = (
				DEF20AA22795A14A006D1F5E /* LaunchScreen.storyboard in Resources */,
				DEF20A9F2795A14A006D1F5E /* Assets.xcassets in Resources */,
				DEF20AAF2795A406006D1F5E /* Content.plist in Resources */,
			);
			runOnlyForDeploymentPostprocessing = 0;
		};
/* End PBXResourcesBuildPhase section */

/* Begin PBXSourcesBuildPhase section */
		DEF20A8E2795A149006D1F5E /* Sources */ = {
			isa = PBXSourcesBuildPhase;
			buildActionMask = 2147483647;
			files = (
				DEF20A962795A149006D1F5E /* AppDelegate.swift in Sources */,
				DE5A70972798DEB5007BAAA8 /* ContentDetailView.swift in Sources */,
				DEF20AB52795A8D9006D1F5E /* ContentCollectionViewHeader.swift in Sources */,
				DEF20A982795A149006D1F5E /* SceneDelegate.swift in Sources */,
				DE1D51852796F41A008B5690 /* ContentCollectionViewRankCell.swift in Sources */,
				DEF20AAA2795A192006D1F5E /* HomeViewController.swift in Sources */,
				DE1D51872796F72E008B5690 /* ContentCollectionViewMainCell.swift in Sources */,
				DE5A70952798DCA9007BAAA8 /* ContentView.swift in Sources */,
				DEF20AB12795A439006D1F5E /* Content.swift in Sources */,
				DEF20AB32795A759006D1F5E /* ContentCollectionViewCell.swift in Sources */,
				DE1D51892796FC71008B5690 /* UIButton.swift in Sources */,
			);
			runOnlyForDeploymentPostprocessing = 0;
		};
/* End PBXSourcesBuildPhase section */

/* Begin PBXVariantGroup section */
		DEF20AA02795A14A006D1F5E /* LaunchScreen.storyboard */ = {
			isa = PBXVariantGroup;
			children = (
				DEF20AA12795A14A006D1F5E /* Base */,
			);
			name = LaunchScreen.storyboard;
			sourceTree = "<group>";
		};
/* End PBXVariantGroup section */

/* Begin XCBuildConfiguration section */
		DEF20AA42795A14A006D1F5E /* Debug */ = {
			isa = XCBuildConfiguration;
			buildSettings = {
				ALWAYS_SEARCH_USER_PATHS = NO;
				CLANG_ANALYZER_NONNULL = YES;
				CLANG_ANALYZER_NUMBER_OBJECT_CONVERSION = YES_AGGRESSIVE;
				CLANG_CXX_LANGUAGE_STANDARD = "gnu++14";
				CLANG_CXX_LIBRARY = "libc++";
				CLANG_ENABLE_MODULES = YES;
				CLANG_ENABLE_OBJC_ARC = YES;
				CLANG_ENABLE_OBJC_WEAK = YES;
				CLANG_WARN_BLOCK_CAPTURE_AUTORELEASING = YES;
				CLANG_WARN_BOOL_CONVERSION = YES;
				CLANG_WARN_COMMA = YES;
				CLANG_WARN_CONSTANT_CONVERSION = YES;
				CLANG_WARN_DEPRECATED_OBJC_IMPLEMENTATIONS = YES;
				CLANG_WARN_DIRECT_OBJC_ISA_USAGE = YES_ERROR;
				CLANG_WARN_DOCUMENTATION_COMMENTS = YES;
				CLANG_WARN_EMPTY_BODY = YES;
				CLANG_WARN_ENUM_CONVERSION = YES;
				CLANG_WARN_INFINITE_RECURSION = YES;
				CLANG_WARN_INT_CONVERSION = YES;
				CLANG_WARN_NON_LITERAL_NULL_CONVERSION = YES;
				CLANG_WARN_OBJC_IMPLICIT_RETAIN_SELF = YES;
				CLANG_WARN_OBJC_LITERAL_CONVERSION = YES;
				CLANG_WARN_OBJC_ROOT_CLASS = YES_ERROR;
				CLANG_WARN_QUOTED_INCLUDE_IN_FRAMEWORK_HEADER = YES;
				CLANG_WARN_RANGE_LOOP_ANALYSIS = YES;
				CLANG_WARN_STRICT_PROTOTYPES = YES;
				CLANG_WARN_SUSPICIOUS_MOVE = YES;
				CLANG_WARN_UNGUARDED_AVAILABILITY = YES_AGGRESSIVE;
				CLANG_WARN_UNREACHABLE_CODE = YES;
				CLANG_WARN__DUPLICATE_METHOD_MATCH = YES;
				COPY_PHASE_STRIP = NO;
				DEBUG_INFORMATION_FORMAT = dwarf;
				ENABLE_STRICT_OBJC_MSGSEND = YES;
				ENABLE_TESTABILITY = YES;
				GCC_C_LANGUAGE_STANDARD = gnu11;
				GCC_DYNAMIC_NO_PIC = NO;
				GCC_NO_COMMON_BLOCKS = YES;
				GCC_OPTIMIZATION_LEVEL = 0;
				GCC_PREPROCESSOR_DEFINITIONS = (
					"DEBUG=1",
					"$(inherited)",
				);
				GCC_WARN_64_TO_32_BIT_CONVERSION = YES;
				GCC_WARN_ABOUT_RETURN_TYPE = YES_ERROR;
				GCC_WARN_UNDECLARED_SELECTOR = YES;
				GCC_WARN_UNINITIALIZED_AUTOS = YES_AGGRESSIVE;
				GCC_WARN_UNUSED_FUNCTION = YES;
				GCC_WARN_UNUSED_VARIABLE = YES;
				IPHONEOS_DEPLOYMENT_TARGET = 14.5;
				MTL_ENABLE_DEBUG_INFO = INCLUDE_SOURCE;
				MTL_FAST_MATH = YES;
				ONLY_ACTIVE_ARCH = YES;
				SDKROOT = iphoneos;
				SWIFT_ACTIVE_COMPILATION_CONDITIONS = DEBUG;
				SWIFT_OPTIMIZATION_LEVEL = "-Onone";
			};
			name = Debug;
		};
		DEF20AA52795A14A006D1F5E /* Release */ = {
			isa = XCBuildConfiguration;
			buildSettings = {
				ALWAYS_SEARCH_USER_PATHS = NO;
				CLANG_ANALYZER_NONNULL = YES;
				CLANG_ANALYZER_NUMBER_OBJECT_CONVERSION = YES_AGGRESSIVE;
				CLANG_CXX_LANGUAGE_STANDARD = "gnu++14";
				CLANG_CXX_LIBRARY = "libc++";
				CLANG_ENABLE_MODULES = YES;
				CLANG_ENABLE_OBJC_ARC = YES;
				CLANG_ENABLE_OBJC_WEAK = YES;
				CLANG_WARN_BLOCK_CAPTURE_AUTORELEASING = YES;
				CLANG_WARN_BOOL_CONVERSION = YES;
				CLANG_WARN_COMMA = YES;
				CLANG_WARN_CONSTANT_CONVERSION = YES;
				CLANG_WARN_DEPRECATED_OBJC_IMPLEMENTATIONS = YES;
				CLANG_WARN_DIRECT_OBJC_ISA_USAGE = YES_ERROR;
				CLANG_WARN_DOCUMENTATION_COMMENTS = YES;
				CLANG_WARN_EMPTY_BODY = YES;
				CLANG_WARN_ENUM_CONVERSION = YES;
				CLANG_WARN_INFINITE_RECURSION = YES;
				CLANG_WARN_INT_CONVERSION = YES;
				CLANG_WARN_NON_LITERAL_NULL_CONVERSION = YES;
				CLANG_WARN_OBJC_IMPLICIT_RETAIN_SELF = YES;
				CLANG_WARN_OBJC_LITERAL_CONVERSION = YES;
				CLANG_WARN_OBJC_ROOT_CLASS = YES_ERROR;
				CLANG_WARN_QUOTED_INCLUDE_IN_FRAMEWORK_HEADER = YES;
				CLANG_WARN_RANGE_LOOP_ANALYSIS = YES;
				CLANG_WARN_STRICT_PROTOTYPES = YES;
				CLANG_WARN_SUSPICIOUS_MOVE = YES;
				CLANG_WARN_UNGUARDED_AVAILABILITY = YES_AGGRESSIVE;
				CLANG_WARN_UNREACHABLE_CODE = YES;
				CLANG_WARN__DUPLICATE_METHOD_MATCH = YES;
				COPY_PHASE_STRIP = NO;
				DEBUG_INFORMATION_FORMAT = "dwarf-with-dsym";
				ENABLE_NS_ASSERTIONS = NO;
				ENABLE_STRICT_OBJC_MSGSEND = YES;
				GCC_C_LANGUAGE_STANDARD = gnu11;
				GCC_NO_COMMON_BLOCKS = YES;
				GCC_WARN_64_TO_32_BIT_CONVERSION = YES;
				GCC_WARN_ABOUT_RETURN_TYPE = YES_ERROR;
				GCC_WARN_UNDECLARED_SELECTOR = YES;
				GCC_WARN_UNINITIALIZED_AUTOS = YES_AGGRESSIVE;
				GCC_WARN_UNUSED_FUNCTION = YES;
				GCC_WARN_UNUSED_VARIABLE = YES;
				IPHONEOS_DEPLOYMENT_TARGET = 14.5;
				MTL_ENABLE_DEBUG_INFO = NO;
				MTL_FAST_MATH = YES;
				SDKROOT = iphoneos;
				SWIFT_COMPILATION_MODE = wholemodule;
				SWIFT_OPTIMIZATION_LEVEL = "-O";
				VALIDATE_PRODUCT = YES;
			};
			name = Release;
		};
		DEF20AA72795A14A006D1F5E /* Debug */ = {
			isa = XCBuildConfiguration;
			buildSettings = {
				ASSETCATALOG_COMPILER_APPICON_NAME = AppIcon;
				ASSETCATALOG_COMPILER_GLOBAL_ACCENT_COLOR_NAME = AccentColor;
				CODE_SIGN_STYLE = Automatic;
				DEVELOPMENT_TEAM = J74H985T9L;
				INFOPLIST_FILE = NetfilixStyleApp/Info.plist;
				LD_RUNPATH_SEARCH_PATHS = (
					"$(inherited)",
					"@executable_path/Frameworks",
				);
				PRODUCT_BUNDLE_IDENTIFIER = com.terry.NetfilixStyleApp;
				PRODUCT_NAME = "$(TARGET_NAME)";
				SWIFT_VERSION = 5.0;
				TARGETED_DEVICE_FAMILY = "1,2";
			};
			name = Debug;
		};
		DEF20AA82795A14A006D1F5E /* Release */ = {
			isa = XCBuildConfiguration;
			buildSettings = {
				ASSETCATALOG_COMPILER_APPICON_NAME = AppIcon;
				ASSETCATALOG_COMPILER_GLOBAL_ACCENT_COLOR_NAME = AccentColor;
				CODE_SIGN_STYLE = Automatic;
				DEVELOPMENT_TEAM = J74H985T9L;
				INFOPLIST_FILE = NetfilixStyleApp/Info.plist;
				LD_RUNPATH_SEARCH_PATHS = (
					"$(inherited)",
					"@executable_path/Frameworks",
				);
				PRODUCT_BUNDLE_IDENTIFIER = com.terry.NetfilixStyleApp;
				PRODUCT_NAME = "$(TARGET_NAME)";
				SWIFT_VERSION = 5.0;
				TARGETED_DEVICE_FAMILY = "1,2";
			};
			name = Release;
		};
/* End XCBuildConfiguration section */

/* Begin XCConfigurationList section */
		DEF20A8D2795A149006D1F5E /* Build configuration list for PBXProject "NetfilixStyleApp" */ = {
			isa = XCConfigurationList;
			buildConfigurations = (
				DEF20AA42795A14A006D1F5E /* Debug */,
				DEF20AA52795A14A006D1F5E /* Release */,
			);
			defaultConfigurationIsVisible = 0;
			defaultConfigurationName = Release;
		};
		DEF20AA62795A14A006D1F5E /* Build configuration list for PBXNativeTarget "NetfilixStyleApp" */ = {
			isa = XCConfigurationList;
			buildConfigurations = (
				DEF20AA72795A14A006D1F5E /* Debug */,
				DEF20AA82795A14A006D1F5E /* Release */,
			);
			defaultConfigurationIsVisible = 0;
			defaultConfigurationName = Release;
		};
/* End XCConfigurationList section */

/* Begin XCRemoteSwiftPackageReference section */
		DEF20AAB2795A2A8006D1F5E /* XCRemoteSwiftPackageReference "SnapKit" */ = {
			isa = XCRemoteSwiftPackageReference;
			repositoryURL = "https://github.com/SnapKit/SnapKit.git";
			requirement = {
				kind = upToNextMajorVersion;
				minimumVersion = 5.0.1;
			};
		};
/* End XCRemoteSwiftPackageReference section */

/* Begin XCSwiftPackageProductDependency section */
		DEF20AAC2795A2A8006D1F5E /* SnapKit */ = {
			isa = XCSwiftPackageProductDependency;
			package = DEF20AAB2795A2A8006D1F5E /* XCRemoteSwiftPackageReference "SnapKit" */;
			productName = SnapKit;
		};
/* End XCSwiftPackageProductDependency section */
	};
	rootObject = DEF20A8A2795A149006D1F5E /* Project object */;
}
